// !$*UTF8*$!
{
	archiveVersion = 1;
	classes = {
	};
	objectVersion = 55;
	objects = {

/* Begin PBXBuildFile section */
		3F9031432948F2D100A03C9D /* license_plate.mlmodel in Sources */ = {isa = PBXBuildFile; fileRef = 3F9031422948F2D100A03C9D /* license_plate.mlmodel */; };
		3F903145294922D100A03C9D /* setup.swift in Sources */ = {isa = PBXBuildFile; fileRef = 3F903144294922D100A03C9D /* setup.swift */; };
		3FC3C0AF293D0F420091212F /* AI_KameraApp.swift in Sources */ = {isa = PBXBuildFile; fileRef = 3FC3C0AE293D0F420091212F /* AI_KameraApp.swift */; };
		3FC3C0B3293D0F490091212F /* Assets.xcassets in Resources */ = {isa = PBXBuildFile; fileRef = 3FC3C0B2293D0F490091212F /* Assets.xcassets */; };
		3FC3C0B6293D0F490091212F /* Preview Assets.xcassets in Resources */ = {isa = PBXBuildFile; fileRef = 3FC3C0B5293D0F490091212F /* Preview Assets.xcassets */; };
		3FC3C0B8293D0F490091212F /* Persistence.swift in Sources */ = {isa = PBXBuildFile; fileRef = 3FC3C0B7293D0F490091212F /* Persistence.swift */; };
		3FC3C0BB293D0F490091212F /* AI_Kamera.xcdatamodeld in Sources */ = {isa = PBXBuildFile; fileRef = 3FC3C0B9293D0F490091212F /* AI_Kamera.xcdatamodeld */; };
		3FC3C0C5293D0F4A0091212F /* AI_KameraTests.swift in Sources */ = {isa = PBXBuildFile; fileRef = 3FC3C0C4293D0F4A0091212F /* AI_KameraTests.swift */; };
		3FC3C0CF293D0F4A0091212F /* AI_KameraUITests.swift in Sources */ = {isa = PBXBuildFile; fileRef = 3FC3C0CE293D0F4A0091212F /* AI_KameraUITests.swift */; };
		3FC3C0D1293D0F4A0091212F /* AI_KameraUITestsLaunchTests.swift in Sources */ = {isa = PBXBuildFile; fileRef = 3FC3C0D0293D0F4A0091212F /* AI_KameraUITestsLaunchTests.swift */; };
		3FC3C0DF293D12130091212F /* facemask.mlmodel in Sources */ = {isa = PBXBuildFile; fileRef = 3FC3C0DE293D12130091212F /* facemask.mlmodel */; };
		3FC3C0E1293D26A10091212F /* Models.swift in Sources */ = {isa = PBXBuildFile; fileRef = 3FC3C0E0293D26A10091212F /* Models.swift */; };
		3FC3C0E3293D296D0091212F /* ModelListView.swift in Sources */ = {isa = PBXBuildFile; fileRef = 3FC3C0E2293D296D0091212F /* ModelListView.swift */; };
		3FC3C0E6293D3B3C0091212F /* CameraViewController.swift in Sources */ = {isa = PBXBuildFile; fileRef = 3FC3C0E5293D3B3C0091212F /* CameraViewController.swift */; };
		3FC3C0E9293D3C5C0091212F /* CameraViewControllerDetector.swift in Sources */ = {isa = PBXBuildFile; fileRef = 3FC3C0E8293D3C5C0091212F /* CameraViewControllerDetector.swift */; };
/* End PBXBuildFile section */

/* Begin PBXContainerItemProxy section */
		3FC3C0C1293D0F4A0091212F /* PBXContainerItemProxy */ = {
			isa = PBXContainerItemProxy;
			containerPortal = 3FC3C0A3293D0F420091212F /* Project object */;
			proxyType = 1;
			remoteGlobalIDString = 3FC3C0AA293D0F420091212F;
			remoteInfo = "AI-Kamera";
		};
		3FC3C0CB293D0F4A0091212F /* PBXContainerItemProxy */ = {
			isa = PBXContainerItemProxy;
			containerPortal = 3FC3C0A3293D0F420091212F /* Project object */;
			proxyType = 1;
			remoteGlobalIDString = 3FC3C0AA293D0F420091212F;
			remoteInfo = "AI-Kamera";
		};
/* End PBXContainerItemProxy section */

/* Begin PBXFileReference section */
		3F9031422948F2D100A03C9D /* license_plate.mlmodel */ = {isa = PBXFileReference; lastKnownFileType = file.mlmodel; path = license_plate.mlmodel; sourceTree = "<group>"; };
		3F903144294922D100A03C9D /* setup.swift */ = {isa = PBXFileReference; lastKnownFileType = sourcecode.swift; path = setup.swift; sourceTree = "<group>"; };
		3FC3C0AB293D0F420091212F /* AI-Kamera.app */ = {isa = PBXFileReference; explicitFileType = wrapper.application; includeInIndex = 0; path = "AI-Kamera.app"; sourceTree = BUILT_PRODUCTS_DIR; };
		3FC3C0AE293D0F420091212F /* AI_KameraApp.swift */ = {isa = PBXFileReference; lastKnownFileType = sourcecode.swift; path = AI_KameraApp.swift; sourceTree = "<group>"; };
		3FC3C0B2293D0F490091212F /* Assets.xcassets */ = {isa = PBXFileReference; lastKnownFileType = folder.assetcatalog; path = Assets.xcassets; sourceTree = "<group>"; };
		3FC3C0B5293D0F490091212F /* Preview Assets.xcassets */ = {isa = PBXFileReference; lastKnownFileType = folder.assetcatalog; path = "Preview Assets.xcassets"; sourceTree = "<group>"; };
		3FC3C0B7293D0F490091212F /* Persistence.swift */ = {isa = PBXFileReference; lastKnownFileType = sourcecode.swift; path = Persistence.swift; sourceTree = "<group>"; };
		3FC3C0BA293D0F490091212F /* AI_Kamera.xcdatamodel */ = {isa = PBXFileReference; lastKnownFileType = wrapper.xcdatamodel; path = AI_Kamera.xcdatamodel; sourceTree = "<group>"; };
		3FC3C0C0293D0F4A0091212F /* AI-KameraTests.xctest */ = {isa = PBXFileReference; explicitFileType = wrapper.cfbundle; includeInIndex = 0; path = "AI-KameraTests.xctest"; sourceTree = BUILT_PRODUCTS_DIR; };
		3FC3C0C4293D0F4A0091212F /* AI_KameraTests.swift */ = {isa = PBXFileReference; lastKnownFileType = sourcecode.swift; path = AI_KameraTests.swift; sourceTree = "<group>"; };
		3FC3C0CA293D0F4A0091212F /* AI-KameraUITests.xctest */ = {isa = PBXFileReference; explicitFileType = wrapper.cfbundle; includeInIndex = 0; path = "AI-KameraUITests.xctest"; sourceTree = BUILT_PRODUCTS_DIR; };
		3FC3C0CE293D0F4A0091212F /* AI_KameraUITests.swift */ = {isa = PBXFileReference; lastKnownFileType = sourcecode.swift; path = AI_KameraUITests.swift; sourceTree = "<group>"; };
		3FC3C0D0293D0F4A0091212F /* AI_KameraUITestsLaunchTests.swift */ = {isa = PBXFileReference; lastKnownFileType = sourcecode.swift; path = AI_KameraUITestsLaunchTests.swift; sourceTree = "<group>"; };
		3FC3C0DE293D12130091212F /* facemask.mlmodel */ = {isa = PBXFileReference; lastKnownFileType = file.mlmodel; path = facemask.mlmodel; sourceTree = "<group>"; };
		3FC3C0E0293D26A10091212F /* Models.swift */ = {isa = PBXFileReference; lastKnownFileType = sourcecode.swift; path = Models.swift; sourceTree = "<group>"; };
		3FC3C0E2293D296D0091212F /* ModelListView.swift */ = {isa = PBXFileReference; lastKnownFileType = sourcecode.swift; path = ModelListView.swift; sourceTree = "<group>"; };
		3FC3C0E5293D3B3C0091212F /* CameraViewController.swift */ = {isa = PBXFileReference; lastKnownFileType = sourcecode.swift; path = CameraViewController.swift; sourceTree = "<group>"; };
		3FC3C0E8293D3C5C0091212F /* CameraViewControllerDetector.swift */ = {isa = PBXFileReference; lastKnownFileType = sourcecode.swift; path = CameraViewControllerDetector.swift; sourceTree = "<group>"; };
/* End PBXFileReference section */

/* Begin PBXFrameworksBuildPhase section */
		3FC3C0A8293D0F420091212F /* Frameworks */ = {
			isa = PBXFrameworksBuildPhase;
			buildActionMask = 2147483647;
			files = (
			);
			runOnlyForDeploymentPostprocessing = 0;
		};
		3FC3C0BD293D0F4A0091212F /* Frameworks */ = {
			isa = PBXFrameworksBuildPhase;
			buildActionMask = 2147483647;
			files = (
			);
			runOnlyForDeploymentPostprocessing = 0;
		};
		3FC3C0C7293D0F4A0091212F /* Frameworks */ = {
			isa = PBXFrameworksBuildPhase;
			buildActionMask = 2147483647;
			files = (
			);
			runOnlyForDeploymentPostprocessing = 0;
		};
/* End PBXFrameworksBuildPhase section */

/* Begin PBXGroup section */
		3FC3C0A2293D0F420091212F = {
			isa = PBXGroup;
			children = (
				3FC3C0AD293D0F420091212F /* AI-Kamera */,
				3FC3C0C3293D0F4A0091212F /* AI-KameraTests */,
				3FC3C0CD293D0F4A0091212F /* AI-KameraUITests */,
				3FC3C0AC293D0F420091212F /* Products */,
			);
			sourceTree = "<group>";
		};
		3FC3C0AC293D0F420091212F /* Products */ = {
			isa = PBXGroup;
			children = (
				3FC3C0AB293D0F420091212F /* AI-Kamera.app */,
				3FC3C0C0293D0F4A0091212F /* AI-KameraTests.xctest */,
				3FC3C0CA293D0F4A0091212F /* AI-KameraUITests.xctest */,
			);
			name = Products;
			sourceTree = "<group>";
		};
		3FC3C0AD293D0F420091212F /* AI-Kamera */ = {
			isa = PBXGroup;
			children = (
				3FC3C0DD293D11D50091212F /* Models */,
				3FC3C0AE293D0F420091212F /* AI_KameraApp.swift */,
				3FC3C0E4293D297D0091212F /* Views */,
				3FC3C0B2293D0F490091212F /* Assets.xcassets */,
				3FC3C0E7293D3B420091212F /* ViewControllers */,
				3FC3C0B7293D0F490091212F /* Persistence.swift */,
				3F903144294922D100A03C9D /* setup.swift */,
				3FC3C0B9293D0F490091212F /* AI_Kamera.xcdatamodeld */,
				3FC3C0B4293D0F490091212F /* Preview Content */,
			);
			path = "AI-Kamera";
			sourceTree = "<group>";
		};
		3FC3C0B4293D0F490091212F /* Preview Content */ = {
			isa = PBXGroup;
			children = (
				3FC3C0B5293D0F490091212F /* Preview Assets.xcassets */,
			);
			path = "Preview Content";
			sourceTree = "<group>";
		};
		3FC3C0C3293D0F4A0091212F /* AI-KameraTests */ = {
			isa = PBXGroup;
			children = (
				3FC3C0C4293D0F4A0091212F /* AI_KameraTests.swift */,
			);
			path = "AI-KameraTests";
			sourceTree = "<group>";
		};
		3FC3C0CD293D0F4A0091212F /* AI-KameraUITests */ = {
			isa = PBXGroup;
			children = (
				3FC3C0CE293D0F4A0091212F /* AI_KameraUITests.swift */,
				3FC3C0D0293D0F4A0091212F /* AI_KameraUITestsLaunchTests.swift */,
			);
			path = "AI-KameraUITests";
			sourceTree = "<group>";
		};
		3FC3C0DD293D11D50091212F /* Models */ = {
			isa = PBXGroup;
			children = (
				3FC3C0DE293D12130091212F /* facemask.mlmodel */,
				3F9031422948F2D100A03C9D /* license_plate.mlmodel */,
				3FC3C0E0293D26A10091212F /* Models.swift */,
			);
			path = Models;
			sourceTree = "<group>";
		};
		3FC3C0E4293D297D0091212F /* Views */ = {
			isa = PBXGroup;
			children = (
				3FC3C0E2293D296D0091212F /* ModelListView.swift */,
			);
			path = Views;
			sourceTree = "<group>";
		};
		3FC3C0E7293D3B420091212F /* ViewControllers */ = {
			isa = PBXGroup;
			children = (
				3FC3C0E5293D3B3C0091212F /* CameraViewController.swift */,
				3FC3C0E8293D3C5C0091212F /* CameraViewControllerDetector.swift */,
			);
			path = ViewControllers;
			sourceTree = "<group>";
		};
/* End PBXGroup section */

/* Begin PBXNativeTarget section */
		3FC3C0AA293D0F420091212F /* AI-Kamera */ = {
			isa = PBXNativeTarget;
			buildConfigurationList = 3FC3C0D4293D0F4A0091212F /* Build configuration list for PBXNativeTarget "AI-Kamera" */;
			buildPhases = (
				3FC3C0A7293D0F420091212F /* Sources */,
				3FC3C0A8293D0F420091212F /* Frameworks */,
				3FC3C0A9293D0F420091212F /* Resources */,
			);
			buildRules = (
			);
			dependencies = (
			);
			name = "AI-Kamera";
			productName = "AI-Kamera";
			productReference = 3FC3C0AB293D0F420091212F /* AI-Kamera.app */;
			productType = "com.apple.product-type.application";
		};
		3FC3C0BF293D0F4A0091212F /* AI-KameraTests */ = {
			isa = PBXNativeTarget;
			buildConfigurationList = 3FC3C0D7293D0F4A0091212F /* Build configuration list for PBXNativeTarget "AI-KameraTests" */;
			buildPhases = (
				3FC3C0BC293D0F4A0091212F /* Sources */,
				3FC3C0BD293D0F4A0091212F /* Frameworks */,
				3FC3C0BE293D0F4A0091212F /* Resources */,
			);
			buildRules = (
			);
			dependencies = (
				3FC3C0C2293D0F4A0091212F /* PBXTargetDependency */,
			);
			name = "AI-KameraTests";
			productName = "AI-KameraTests";
			productReference = 3FC3C0C0293D0F4A0091212F /* AI-KameraTests.xctest */;
			productType = "com.apple.product-type.bundle.unit-test";
		};
		3FC3C0C9293D0F4A0091212F /* AI-KameraUITests */ = {
			isa = PBXNativeTarget;
			buildConfigurationList = 3FC3C0DA293D0F4A0091212F /* Build configuration list for PBXNativeTarget "AI-KameraUITests" */;
			buildPhases = (
				3FC3C0C6293D0F4A0091212F /* Sources */,
				3FC3C0C7293D0F4A0091212F /* Frameworks */,
				3FC3C0C8293D0F4A0091212F /* Resources */,
			);
			buildRules = (
			);
			dependencies = (
				3FC3C0CC293D0F4A0091212F /* PBXTargetDependency */,
			);
			name = "AI-KameraUITests";
			productName = "AI-KameraUITests";
			productReference = 3FC3C0CA293D0F4A0091212F /* AI-KameraUITests.xctest */;
			productType = "com.apple.product-type.bundle.ui-testing";
		};
/* End PBXNativeTarget section */

/* Begin PBXProject section */
		3FC3C0A3293D0F420091212F /* Project object */ = {
			isa = PBXProject;
			attributes = {
				BuildIndependentTargetsInParallel = 1;
				LastSwiftUpdateCheck = 1340;
				LastUpgradeCheck = 1340;
				TargetAttributes = {
					3FC3C0AA293D0F420091212F = {
						CreatedOnToolsVersion = 13.4.1;
					};
					3FC3C0BF293D0F4A0091212F = {
						CreatedOnToolsVersion = 13.4.1;
						TestTargetID = 3FC3C0AA293D0F420091212F;
					};
					3FC3C0C9293D0F4A0091212F = {
						CreatedOnToolsVersion = 13.4.1;
						TestTargetID = 3FC3C0AA293D0F420091212F;
					};
				};
			};
			buildConfigurationList = 3FC3C0A6293D0F420091212F /* Build configuration list for PBXProject "AI-Kamera" */;
			compatibilityVersion = "Xcode 13.0";
			developmentRegion = en;
			hasScannedForEncodings = 0;
			knownRegions = (
				en,
				Base,
			);
			mainGroup = 3FC3C0A2293D0F420091212F;
			productRefGroup = 3FC3C0AC293D0F420091212F /* Products */;
			projectDirPath = "";
			projectRoot = "";
			targets = (
				3FC3C0AA293D0F420091212F /* AI-Kamera */,
				3FC3C0BF293D0F4A0091212F /* AI-KameraTests */,
				3FC3C0C9293D0F4A0091212F /* AI-KameraUITests */,
			);
		};
/* End PBXProject section */

/* Begin PBXResourcesBuildPhase section */
		3FC3C0A9293D0F420091212F /* Resources */ = {
			isa = PBXResourcesBuildPhase;
			buildActionMask = 2147483647;
			files = (
				3FC3C0B6293D0F490091212F /* Preview Assets.xcassets in Resources */,
				3FC3C0B3293D0F490091212F /* Assets.xcassets in Resources */,
			);
			runOnlyForDeploymentPostprocessing = 0;
		};
		3FC3C0BE293D0F4A0091212F /* Resources */ = {
			isa = PBXResourcesBuildPhase;
			buildActionMask = 2147483647;
			files = (
			);
			runOnlyForDeploymentPostprocessing = 0;
		};
		3FC3C0C8293D0F4A0091212F /* Resources */ = {
			isa = PBXResourcesBuildPhase;
			buildActionMask = 2147483647;
			files = (
			);
			runOnlyForDeploymentPostprocessing = 0;
		};
/* End PBXResourcesBuildPhase section */

/* Begin PBXSourcesBuildPhase section */
		3FC3C0A7293D0F420091212F /* Sources */ = {
			isa = PBXSourcesBuildPhase;
			buildActionMask = 2147483647;
			files = (
				3FC3C0E3293D296D0091212F /* ModelListView.swift in Sources */,
				3FC3C0BB293D0F490091212F /* AI_Kamera.xcdatamodeld in Sources */,
				3FC3C0DF293D12130091212F /* facemask.mlmodel in Sources */,
				3FC3C0B8293D0F490091212F /* Persistence.swift in Sources */,
				3FC3C0E9293D3C5C0091212F /* CameraViewControllerDetector.swift in Sources */,
				3F903145294922D100A03C9D /* setup.swift in Sources */,
				3FC3C0E1293D26A10091212F /* Models.swift in Sources */,
				3FC3C0E6293D3B3C0091212F /* CameraViewController.swift in Sources */,
				3FC3C0AF293D0F420091212F /* AI_KameraApp.swift in Sources */,
				3F9031432948F2D100A03C9D /* license_plate.mlmodel in Sources */,
			);
			runOnlyForDeploymentPostprocessing = 0;
		};
		3FC3C0BC293D0F4A0091212F /* Sources */ = {
			isa = PBXSourcesBuildPhase;
			buildActionMask = 2147483647;
			files = (
				3FC3C0C5293D0F4A0091212F /* AI_KameraTests.swift in Sources */,
			);
			runOnlyForDeploymentPostprocessing = 0;
		};
		3FC3C0C6293D0F4A0091212F /* Sources */ = {
			isa = PBXSourcesBuildPhase;
			buildActionMask = 2147483647;
			files = (
				3FC3C0CF293D0F4A0091212F /* AI_KameraUITests.swift in Sources */,
				3FC3C0D1293D0F4A0091212F /* AI_KameraUITestsLaunchTests.swift in Sources */,
			);
			runOnlyForDeploymentPostprocessing = 0;
		};
/* End PBXSourcesBuildPhase section */

/* Begin PBXTargetDependency section */
		3FC3C0C2293D0F4A0091212F /* PBXTargetDependency */ = {
			isa = PBXTargetDependency;
			target = 3FC3C0AA293D0F420091212F /* AI-Kamera */;
			targetProxy = 3FC3C0C1293D0F4A0091212F /* PBXContainerItemProxy */;
		};
		3FC3C0CC293D0F4A0091212F /* PBXTargetDependency */ = {
			isa = PBXTargetDependency;
			target = 3FC3C0AA293D0F420091212F /* AI-Kamera */;
			targetProxy = 3FC3C0CB293D0F4A0091212F /* PBXContainerItemProxy */;
		};
/* End PBXTargetDependency section */

/* Begin XCBuildConfiguration section */
		3FC3C0D2293D0F4A0091212F /* Debug */ = {
			isa = XCBuildConfiguration;
			buildSettings = {
				ALWAYS_SEARCH_USER_PATHS = NO;
				CLANG_ANALYZER_NONNULL = YES;
				CLANG_ANALYZER_NUMBER_OBJECT_CONVERSION = YES_AGGRESSIVE;
				CLANG_CXX_LANGUAGE_STANDARD = "gnu++17";
				CLANG_ENABLE_MODULES = YES;
				CLANG_ENABLE_OBJC_ARC = YES;
				CLANG_ENABLE_OBJC_WEAK = YES;
				CLANG_WARN_BLOCK_CAPTURE_AUTORELEASING = YES;
				CLANG_WARN_BOOL_CONVERSION = YES;
				CLANG_WARN_COMMA = YES;
				CLANG_WARN_CONSTANT_CONVERSION = YES;
				CLANG_WARN_DEPRECATED_OBJC_IMPLEMENTATIONS = YES;
				CLANG_WARN_DIRECT_OBJC_ISA_USAGE = YES_ERROR;
				CLANG_WARN_DOCUMENTATION_COMMENTS = YES;
				CLANG_WARN_EMPTY_BODY = YES;
				CLANG_WARN_ENUM_CONVERSION = YES;
				CLANG_WARN_INFINITE_RECURSION = YES;
				CLANG_WARN_INT_CONVERSION = YES;
				CLANG_WARN_NON_LITERAL_NULL_CONVERSION = YES;
				CLANG_WARN_OBJC_IMPLICIT_RETAIN_SELF = YES;
				CLANG_WARN_OBJC_LITERAL_CONVERSION = YES;
				CLANG_WARN_OBJC_ROOT_CLASS = YES_ERROR;
				CLANG_WARN_QUOTED_INCLUDE_IN_FRAMEWORK_HEADER = YES;
				CLANG_WARN_RANGE_LOOP_ANALYSIS = YES;
				CLANG_WARN_STRICT_PROTOTYPES = YES;
				CLANG_WARN_SUSPICIOUS_MOVE = YES;
				CLANG_WARN_UNGUARDED_AVAILABILITY = YES_AGGRESSIVE;
				CLANG_WARN_UNREACHABLE_CODE = YES;
				CLANG_WARN__DUPLICATE_METHOD_MATCH = YES;
				COPY_PHASE_STRIP = NO;
				DEBUG_INFORMATION_FORMAT = dwarf;
				ENABLE_STRICT_OBJC_MSGSEND = YES;
				ENABLE_TESTABILITY = YES;
				GCC_C_LANGUAGE_STANDARD = gnu11;
				GCC_DYNAMIC_NO_PIC = NO;
				GCC_NO_COMMON_BLOCKS = YES;
				GCC_OPTIMIZATION_LEVEL = 0;
				GCC_PREPROCESSOR_DEFINITIONS = (
					"DEBUG=1",
					"$(inherited)",
				);
				GCC_WARN_64_TO_32_BIT_CONVERSION = YES;
				GCC_WARN_ABOUT_RETURN_TYPE = YES_ERROR;
				GCC_WARN_UNDECLARED_SELECTOR = YES;
				GCC_WARN_UNINITIALIZED_AUTOS = YES_AGGRESSIVE;
				GCC_WARN_UNUSED_FUNCTION = YES;
				GCC_WARN_UNUSED_VARIABLE = YES;
				IPHONEOS_DEPLOYMENT_TARGET = 15.5;
				MTL_ENABLE_DEBUG_INFO = INCLUDE_SOURCE;
				MTL_FAST_MATH = YES;
				ONLY_ACTIVE_ARCH = YES;
				SDKROOT = iphoneos;
				SWIFT_ACTIVE_COMPILATION_CONDITIONS = DEBUG;
				SWIFT_OPTIMIZATION_LEVEL = "-Onone";
			};
			name = Debug;
		};
		3FC3C0D3293D0F4A0091212F /* Release */ = {
			isa = XCBuildConfiguration;
			buildSettings = {
				ALWAYS_SEARCH_USER_PATHS = NO;
				CLANG_ANALYZER_NONNULL = YES;
				CLANG_ANALYZER_NUMBER_OBJECT_CONVERSION = YES_AGGRESSIVE;
				CLANG_CXX_LANGUAGE_STANDARD = "gnu++17";
				CLANG_ENABLE_MODULES = YES;
				CLANG_ENABLE_OBJC_ARC = YES;
				CLANG_ENABLE_OBJC_WEAK = YES;
				CLANG_WARN_BLOCK_CAPTURE_AUTORELEASING = YES;
				CLANG_WARN_BOOL_CONVERSION = YES;
				CLANG_WARN_COMMA = YES;
				CLANG_WARN_CONSTANT_CONVERSION = YES;
				CLANG_WARN_DEPRECATED_OBJC_IMPLEMENTATIONS = YES;
				CLANG_WARN_DIRECT_OBJC_ISA_USAGE = YES_ERROR;
				CLANG_WARN_DOCUMENTATION_COMMENTS = YES;
				CLANG_WARN_EMPTY_BODY = YES;
				CLANG_WARN_ENUM_CONVERSION = YES;
				CLANG_WARN_INFINITE_RECURSION = YES;
				CLANG_WARN_INT_CONVERSION = YES;
				CLANG_WARN_NON_LITERAL_NULL_CONVERSION = YES;
				CLANG_WARN_OBJC_IMPLICIT_RETAIN_SELF = YES;
				CLANG_WARN_OBJC_LITERAL_CONVERSION = YES;
				CLANG_WARN_OBJC_ROOT_CLASS = YES_ERROR;
				CLANG_WARN_QUOTED_INCLUDE_IN_FRAMEWORK_HEADER = YES;
				CLANG_WARN_RANGE_LOOP_ANALYSIS = YES;
				CLANG_WARN_STRICT_PROTOTYPES = YES;
				CLANG_WARN_SUSPICIOUS_MOVE = YES;
				CLANG_WARN_UNGUARDED_AVAILABILITY = YES_AGGRESSIVE;
				CLANG_WARN_UNREACHABLE_CODE = YES;
				CLANG_WARN__DUPLICATE_METHOD_MATCH = YES;
				COPY_PHASE_STRIP = NO;
				DEBUG_INFORMATION_FORMAT = "dwarf-with-dsym";
				ENABLE_NS_ASSERTIONS = NO;
				ENABLE_STRICT_OBJC_MSGSEND = YES;
				GCC_C_LANGUAGE_STANDARD = gnu11;
				GCC_NO_COMMON_BLOCKS = YES;
				GCC_WARN_64_TO_32_BIT_CONVERSION = YES;
				GCC_WARN_ABOUT_RETURN_TYPE = YES_ERROR;
				GCC_WARN_UNDECLARED_SELECTOR = YES;
				GCC_WARN_UNINITIALIZED_AUTOS = YES_AGGRESSIVE;
				GCC_WARN_UNUSED_FUNCTION = YES;
				GCC_WARN_UNUSED_VARIABLE = YES;
				IPHONEOS_DEPLOYMENT_TARGET = 15.5;
				MTL_ENABLE_DEBUG_INFO = NO;
				MTL_FAST_MATH = YES;
				SDKROOT = iphoneos;
				SWIFT_COMPILATION_MODE = wholemodule;
				SWIFT_OPTIMIZATION_LEVEL = "-O";
				VALIDATE_PRODUCT = YES;
			};
			name = Release;
		};
		3FC3C0D5293D0F4A0091212F /* Debug */ = {
			isa = XCBuildConfiguration;
			buildSettings = {
				ASSETCATALOG_COMPILER_APPICON_NAME = AppIcon;
				ASSETCATALOG_COMPILER_GLOBAL_ACCENT_COLOR_NAME = AccentColor;
				CODE_SIGN_STYLE = Automatic;
				CURRENT_PROJECT_VERSION = 1;
				DEVELOPMENT_ASSET_PATHS = "\"AI-Kamera/Preview Content\"";
				DEVELOPMENT_TEAM = 624BW5M489;
				ENABLE_PREVIEWS = YES;
				GENERATE_INFOPLIST_FILE = YES;
				INFOPLIST_FILE = "AI-Kamera/Info.plist";
				INFOPLIST_KEY_CFBundleDisplayName = "AI-Kamera";
				INFOPLIST_KEY_LSApplicationCategoryType = "public.app-category.utilities";
				INFOPLIST_KEY_NSCameraUsageDescription = "The app need to access your camera for object detecting";
				INFOPLIST_KEY_NSPhotoLibraryAddUsageDescription = ...;
				INFOPLIST_KEY_UIApplicationSceneManifest_Generation = YES;
				INFOPLIST_KEY_UIApplicationSupportsIndirectInputEvents = YES;
				INFOPLIST_KEY_UILaunchScreen_Generation = YES;
				INFOPLIST_KEY_UISupportedInterfaceOrientations = UIInterfaceOrientationPortrait;
				IPHONEOS_DEPLOYMENT_TARGET = 14.0;
				LD_RUNPATH_SEARCH_PATHS = (
					"$(inherited)",
					"@executable_path/Frameworks",
				);
				MARKETING_VERSION = 1.0;
				PRODUCT_BUNDLE_IDENTIFIER = "xyz.ssl-saario.AI-Kamera";
				PRODUCT_NAME = "$(TARGET_NAME)";
				SWIFT_EMIT_LOC_STRINGS = YES;
				SWIFT_VERSION = 5.0;
				TARGETED_DEVICE_FAMILY = "1,2";
			};
			name = Debug;
		};
		3FC3C0D6293D0F4A0091212F /* Release */ = {
			isa = XCBuildConfiguration;
			buildSettings = {
				ASSETCATALOG_COMPILER_APPICON_NAME = AppIcon;
				ASSETCATALOG_COMPILER_GLOBAL_ACCENT_COLOR_NAME = AccentColor;
				CODE_SIGN_STYLE = Automatic;
				CURRENT_PROJECT_VERSION = 1;
				DEVELOPMENT_ASSET_PATHS = "\"AI-Kamera/Preview Content\"";
				DEVELOPMENT_TEAM = 624BW5M489;
				ENABLE_PREVIEWS = YES;
				GENERATE_INFOPLIST_FILE = YES;
				INFOPLIST_FILE = "AI-Kamera/Info.plist";
				INFOPLIST_KEY_CFBundleDisplayName = "AI-Kamera";
				INFOPLIST_KEY_LSApplicationCategoryType = "public.app-category.utilities";
				INFOPLIST_KEY_NSCameraUsageDescription = "The app need to access your camera for object detecting";
				INFOPLIST_KEY_NSPhotoLibraryAddUsageDescription = ...;
				INFOPLIST_KEY_UIApplicationSceneManifest_Generation = YES;
				INFOPLIST_KEY_UIApplicationSupportsIndirectInputEvents = YES;
				INFOPLIST_KEY_UILaunchScreen_Generation = YES;
				INFOPLIST_KEY_UISupportedInterfaceOrientations = UIInterfaceOrientationPortrait;
				IPHONEOS_DEPLOYMENT_TARGET = 14.0;
				LD_RUNPATH_SEARCH_PATHS = (
					"$(inherited)",
					"@executable_path/Frameworks",
				);
				MARKETING_VERSION = 1.0;
				PRODUCT_BUNDLE_IDENTIFIER = "xyz.ssl-saario.AI-Kamera";
				PRODUCT_NAME = "$(TARGET_NAME)";
				SWIFT_EMIT_LOC_STRINGS = YES;
				SWIFT_VERSION = 5.0;
				TARGETED_DEVICE_FAMILY = "1,2";
			};
			name = Release;
		};
		3FC3C0D8293D0F4A0091212F /* Debug */ = {
			isa = XCBuildConfiguration;
			buildSettings = {
				ALWAYS_EMBED_SWIFT_STANDARD_LIBRARIES = YES;
				BUNDLE_LOADER = "$(TEST_HOST)";
				CODE_SIGN_STYLE = Automatic;
				CURRENT_PROJECT_VERSION = 1;
				DEVELOPMENT_TEAM = 624BW5M489;
				GENERATE_INFOPLIST_FILE = YES;
				IPHONEOS_DEPLOYMENT_TARGET = 15.5;
				MARKETING_VERSION = 1.0;
				PRODUCT_BUNDLE_IDENTIFIER = "Oskari-Saarinen.AI-KameraTests";
				PRODUCT_NAME = "$(TARGET_NAME)";
				SWIFT_EMIT_LOC_STRINGS = NO;
				SWIFT_VERSION = 5.0;
				TARGETED_DEVICE_FAMILY = "1,2";
				TEST_HOST = "$(BUILT_PRODUCTS_DIR)/AI-Kamera.app/AI-Kamera";
			};
			name = Debug;
		};
		3FC3C0D9293D0F4A0091212F /* Release */ = {
			isa = XCBuildConfiguration;
			buildSettings = {
				ALWAYS_EMBED_SWIFT_STANDARD_LIBRARIES = YES;
				BUNDLE_LOADER = "$(TEST_HOST)";
				CODE_SIGN_STYLE = Automatic;
				CURRENT_PROJECT_VERSION = 1;
				DEVELOPMENT_TEAM = 624BW5M489;
				GENERATE_INFOPLIST_FILE = YES;
				IPHONEOS_DEPLOYMENT_TARGET = 15.5;
				MARKETING_VERSION = 1.0;
				PRODUCT_BUNDLE_IDENTIFIER = "Oskari-Saarinen.AI-KameraTests";
				PRODUCT_NAME = "$(TARGET_NAME)";
				SWIFT_EMIT_LOC_STRINGS = NO;
				SWIFT_VERSION = 5.0;
				TARGETED_DEVICE_FAMILY = "1,2";
				TEST_HOST = "$(BUILT_PRODUCTS_DIR)/AI-Kamera.app/AI-Kamera";
			};
			name = Release;
		};
		3FC3C0DB293D0F4A0091212F /* Debug */ = {
			isa = XCBuildConfiguration;
			buildSettings = {
				ALWAYS_EMBED_SWIFT_STANDARD_LIBRARIES = YES;
				CODE_SIGN_STYLE = Automatic;
				CURRENT_PROJECT_VERSION = 1;
				DEVELOPMENT_TEAM = 624BW5M489;
				GENERATE_INFOPLIST_FILE = YES;
				MARKETING_VERSION = 1.0;
				PRODUCT_BUNDLE_IDENTIFIER = "Oskari-Saarinen.AI-KameraUITests";
				PRODUCT_NAME = "$(TARGET_NAME)";
				SWIFT_EMIT_LOC_STRINGS = NO;
				SWIFT_VERSION = 5.0;
				TARGETED_DEVICE_FAMILY = "1,2";
				TEST_TARGET_NAME = "AI-Kamera";
			};
			name = Debug;
		};
		3FC3C0DC293D0F4A0091212F /* Release */ = {
			isa = XCBuildConfiguration;
			buildSettings = {
				ALWAYS_EMBED_SWIFT_STANDARD_LIBRARIES = YES;
				CODE_SIGN_STYLE = Automatic;
				CURRENT_PROJECT_VERSION = 1;
				DEVELOPMENT_TEAM = 624BW5M489;
				GENERATE_INFOPLIST_FILE = YES;
				MARKETING_VERSION = 1.0;
				PRODUCT_BUNDLE_IDENTIFIER = "Oskari-Saarinen.AI-KameraUITests";
				PRODUCT_NAME = "$(TARGET_NAME)";
				SWIFT_EMIT_LOC_STRINGS = NO;
				SWIFT_VERSION = 5.0;
				TARGETED_DEVICE_FAMILY = "1,2";
				TEST_TARGET_NAME = "AI-Kamera";
			};
			name = Release;
		};
/* End XCBuildConfiguration section */

/* Begin XCConfigurationList section */
		3FC3C0A6293D0F420091212F /* Build configuration list for PBXProject "AI-Kamera" */ = {
			isa = XCConfigurationList;
			buildConfigurations = (
				3FC3C0D2293D0F4A0091212F /* Debug */,
				3FC3C0D3293D0F4A0091212F /* Release */,
			);
			defaultConfigurationIsVisible = 0;
			defaultConfigurationName = Release;
		};
		3FC3C0D4293D0F4A0091212F /* Build configuration list for PBXNativeTarget "AI-Kamera" */ = {
			isa = XCConfigurationList;
			buildConfigurations = (
				3FC3C0D5293D0F4A0091212F /* Debug */,
				3FC3C0D6293D0F4A0091212F /* Release */,
			);
			defaultConfigurationIsVisible = 0;
			defaultConfigurationName = Release;
		};
		3FC3C0D7293D0F4A0091212F /* Build configuration list for PBXNativeTarget "AI-KameraTests" */ = {
			isa = XCConfigurationList;
			buildConfigurations = (
				3FC3C0D8293D0F4A0091212F /* Debug */,
				3FC3C0D9293D0F4A0091212F /* Release */,
			);
			defaultConfigurationIsVisible = 0;
			defaultConfigurationName = Release;
		};
		3FC3C0DA293D0F4A0091212F /* Build configuration list for PBXNativeTarget "AI-KameraUITests" */ = {
			isa = XCConfigurationList;
			buildConfigurations = (
				3FC3C0DB293D0F4A0091212F /* Debug */,
				3FC3C0DC293D0F4A0091212F /* Release */,
			);
			defaultConfigurationIsVisible = 0;
			defaultConfigurationName = Release;
		};
/* End XCConfigurationList section */

/* Begin XCVersionGroup section */
		3FC3C0B9293D0F490091212F /* AI_Kamera.xcdatamodeld */ = {
			isa = XCVersionGroup;
			children = (
				3FC3C0BA293D0F490091212F /* AI_Kamera.xcdatamodel */,
			);
			currentVersion = 3FC3C0BA293D0F490091212F /* AI_Kamera.xcdatamodel */;
			path = AI_Kamera.xcdatamodeld;
			sourceTree = "<group>";
			versionGroupType = wrapper.xcdatamodel;
		};
/* End XCVersionGroup section */
	};
	rootObject = 3FC3C0A3293D0F420091212F /* Project object */;
}
